
Microsoft Visual Studio Solution File, Format Version 12.00
# Visual Studio Version 16
VisualStudioVersion = 16.0.33801.447
MinimumVisualStudioVersion = 10.0.40219.1
Project("{8BC9CEB8-8B4A-11D0-8D11-00A0C91BC942}") = "ConsoleApplication1", "..\ConsoleApplication1\ConsoleApplication1.vcxproj", "{B09B7438-63B9-42B4-A98B-A1F4633D86F0}"
EndProject
Project("{8BC9CEB8-8B4A-11D0-8D11-00A0C91BC942}") = "HelloWorld", "HelloWorld\HelloWorld.vcxproj", "{746C288B-0AC5-47FC-9937-9282BDE88D63}"
EndProject
Project("{8BC9CEB8-8B4A-11D0-8D11-00A0C91BC942}") = "Q1_hello_world", "Q1_hello_world\Q1_hello_world.vcxproj", "{3C04A63D-DE61-4C67-9408-4D80D213639D}"
EndProject
Project("{8BC9CEB8-8B4A-11D0-8D11-00A0C91BC942}") = "Q2_user_input", "Q2_user_input\Q2_user_input.vcxproj", "{AA614A1A-0B34-4E4B-9AA8-A6D42DE8F2BA}"
EndProject
Project("{8BC9CEB8-8B4A-11D0-8D11-00A0C91BC942}") = "Q3_string_input", "Q3_string_input\Q3_string_input.vcxproj", "{016F082A-24A5-4613-B530-2EF1D8A99564}"
EndProject
Project("{8BC9CEB8-8B4A-11D0-8D11-00A0C91BC942}") = "Q4_pointers", "Q4_pointers\Q4_pointers.vcxproj", "{C8367932-40B5-4CCA-AF85-8A1292EF564C}"
EndProject
Project("{8BC9CEB8-8B4A-11D0-8D11-00A0C91BC942}") = "Q5_pointers", "Q5_pointers\Q5_pointers.vcxproj", "{350D5E88-EB2E-4EFB-A7A0-0E29684763A5}"
EndProject
Project("{8BC9CEB8-8B4A-11D0-8D11-00A0C91BC942}") = "Q6_passing_pointers", "Q6_passing_pointers\Q6_passing_pointers.vcxproj", "{181FB5D4-2427-466B-8BA8-773BEF5BF002}"
EndProject
Project("{8BC9CEB8-8B4A-11D0-8D11-00A0C91BC942}") = "_Q1_HelloWorld", "_Q1_HelloWorld\_Q1_HelloWorld.vcxproj", "{4E111F49-4279-41F5-95B6-B649196A2D52}"
EndProject
Project("{8BC9CEB8-8B4A-11D0-8D11-00A0C91BC942}") = "_Q2_users_input", "_Q_users_input\_Q_users_input.vcxproj", "{3D81A5B1-16BB-480A-B2CE-01FF872C9627}"
EndProject
Project("{8BC9CEB8-8B4A-11D0-8D11-00A0C91BC942}") = "_Q3_string_input", "_Q3_string_input\_Q3_string_input.vcxproj", "{9816731D-38A7-4C1B-906C-0D20FD7C8003}"
EndProject
Project("{8BC9CEB8-8B4A-11D0-8D11-00A0C91BC942}") = "_Q4_pointers", "_Q3_pointers\_Q3_pointers.vcxproj", "{0C47DDF7-8C86-4E04-94B3-894035ED140F}"
EndProject
Project("{8BC9CEB8-8B4A-11D0-8D11-00A0C91BC942}") = "_Q5_pointers", "_Q5_pointers\_Q5_pointers.vcxproj", "{72534E65-7958-4D61-AF7D-8D9D928A6657}"
EndProject
Project("{8BC9CEB8-8B4A-11D0-8D11-00A0C91BC942}") = "_Q6_swap", "_Q6_swap\_Q6_swap.vcxproj", "{B072058C-ED29-42E4-A3DF-052598BAEE43}"
EndProject
Project("{8BC9CEB8-8B4A-11D0-8D11-00A0C91BC942}") = "Lab 01 17-04-24 at 08.00 Ex 01", "Lab 01 pointers structures\Lab 01 17-04-24 at 08.00 Ex 01\Lab 01 17-04-24 at 08.00 Ex 01.vcxproj", "{59F9A5DB-D1A3-4E66-9D30-CDC00484FAEE}"
EndProject
Global
	GlobalSection(SolutionConfigurationPlatforms) = preSolution
		Debug|x64 = Debug|x64
		Debug|x86 = Debug|x86
		Release|x64 = Release|x64
		Release|x86 = Release|x86
	EndGlobalSection
	GlobalSection(ProjectConfigurationPlatforms) = postSolution
		{B09B7438-63B9-42B4-A98B-A1F4633D86F0}.Debug|x64.ActiveCfg = Debug|x64
		{B09B7438-63B9-42B4-A98B-A1F4633D86F0}.Debug|x64.Build.0 = Debug|x64
		{B09B7438-63B9-42B4-A98B-A1F4633D86F0}.Debug|x86.ActiveCfg = Debug|Win32
		{B09B7438-63B9-42B4-A98B-A1F4633D86F0}.Debug|x86.Build.0 = Debug|Win32
		{B09B7438-63B9-42B4-A98B-A1F4633D86F0}.Release|x64.ActiveCfg = Release|x64
		{B09B7438-63B9-42B4-A98B-A1F4633D86F0}.Release|x64.Build.0 = Release|x64
		{B09B7438-63B9-42B4-A98B-A1F4633D86F0}.Release|x86.ActiveCfg = Release|Win32
		{B09B7438-63B9-42B4-A98B-A1F4633D86F0}.Release|x86.Build.0 = Release|Win32
		{746C288B-0AC5-47FC-9937-9282BDE88D63}.Debug|x64.ActiveCfg = Debug|x64
		{746C288B-0AC5-47FC-9937-9282BDE88D63}.Debug|x64.Build.0 = Debug|x64
		{746C288B-0AC5-47FC-9937-9282BDE88D63}.Debug|x86.ActiveCfg = Debug|Win32
		{746C288B-0AC5-47FC-9937-9282BDE88D63}.Debug|x86.Build.0 = Debug|Win32
		{746C288B-0AC5-47FC-9937-9282BDE88D63}.Release|x64.ActiveCfg = Release|x64
		{746C288B-0AC5-47FC-9937-9282BDE88D63}.Release|x64.Build.0 = Release|x64
		{746C288B-0AC5-47FC-9937-9282BDE88D63}.Release|x86.ActiveCfg = Release|Win32
		{746C288B-0AC5-47FC-9937-9282BDE88D63}.Release|x86.Build.0 = Release|Win32
		{3C04A63D-DE61-4C67-9408-4D80D213639D}.Debug|x64.ActiveCfg = Debug|x64
		{3C04A63D-DE61-4C67-9408-4D80D213639D}.Debug|x64.Build.0 = Debug|x64
		{3C04A63D-DE61-4C67-9408-4D80D213639D}.Debug|x86.ActiveCfg = Debug|Win32
		{3C04A63D-DE61-4C67-9408-4D80D213639D}.Debug|x86.Build.0 = Debug|Win32
		{3C04A63D-DE61-4C67-9408-4D80D213639D}.Release|x64.ActiveCfg = Release|x64
		{3C04A63D-DE61-4C67-9408-4D80D213639D}.Release|x64.Build.0 = Release|x64
		{3C04A63D-DE61-4C67-9408-4D80D213639D}.Release|x86.ActiveCfg = Release|Win32
		{3C04A63D-DE61-4C67-9408-4D80D213639D}.Release|x86.Build.0 = Release|Win32
		{AA614A1A-0B34-4E4B-9AA8-A6D42DE8F2BA}.Debug|x64.ActiveCfg = Debug|x64
		{AA614A1A-0B34-4E4B-9AA8-A6D42DE8F2BA}.Debug|x64.Build.0 = Debug|x64
		{AA614A1A-0B34-4E4B-9AA8-A6D42DE8F2BA}.Debug|x86.ActiveCfg = Debug|Win32
		{AA614A1A-0B34-4E4B-9AA8-A6D42DE8F2BA}.Debug|x86.Build.0 = Debug|Win32
		{AA614A1A-0B34-4E4B-9AA8-A6D42DE8F2BA}.Release|x64.ActiveCfg = Release|x64
		{AA614A1A-0B34-4E4B-9AA8-A6D42DE8F2BA}.Release|x64.Build.0 = Release|x64
		{AA614A1A-0B34-4E4B-9AA8-A6D42DE8F2BA}.Release|x86.ActiveCfg = Release|Win32
		{AA614A1A-0B34-4E4B-9AA8-A6D42DE8F2BA}.Release|x86.Build.0 = Release|Win32
		{016F082A-24A5-4613-B530-2EF1D8A99564}.Debug|x64.ActiveCfg = Debug|x64
		{016F082A-24A5-4613-B530-2EF1D8A99564}.Debug|x64.Build.0 = Debug|x64
		{016F082A-24A5-4613-B530-2EF1D8A99564}.Debug|x86.ActiveCfg = Debug|Win32
		{016F082A-24A5-4613-B530-2EF1D8A99564}.Debug|x86.Build.0 = Debug|Win32
		{016F082A-24A5-4613-B530-2EF1D8A99564}.Release|x64.ActiveCfg = Release|x64
		{016F082A-24A5-4613-B530-2EF1D8A99564}.Release|x64.Build.0 = Release|x64
		{016F082A-24A5-4613-B530-2EF1D8A99564}.Release|x86.ActiveCfg = Release|Win32
		{016F082A-24A5-4613-B530-2EF1D8A99564}.Release|x86.Build.0 = Release|Win32
		{C8367932-40B5-4CCA-AF85-8A1292EF564C}.Debug|x64.ActiveCfg = Debug|x64
		{C8367932-40B5-4CCA-AF85-8A1292EF564C}.Debug|x64.Build.0 = Debug|x64
		{C8367932-40B5-4CCA-AF85-8A1292EF564C}.Debug|x86.ActiveCfg = Debug|Win32
		{C8367932-40B5-4CCA-AF85-8A1292EF564C}.Debug|x86.Build.0 = Debug|Win32
		{C8367932-40B5-4CCA-AF85-8A1292EF564C}.Release|x64.ActiveCfg = Release|x64
		{C8367932-40B5-4CCA-AF85-8A1292EF564C}.Release|x64.Build.0 = Release|x64
		{C8367932-40B5-4CCA-AF85-8A1292EF564C}.Release|x86.ActiveCfg = Release|Win32
		{C8367932-40B5-4CCA-AF85-8A1292EF564C}.Release|x86.Build.0 = Release|Win32
		{350D5E88-EB2E-4EFB-A7A0-0E29684763A5}.Debug|x64.ActiveCfg = Debug|x64
		{350D5E88-EB2E-4EFB-A7A0-0E29684763A5}.Debug|x64.Build.0 = Debug|x64
		{350D5E88-EB2E-4EFB-A7A0-0E29684763A5}.Debug|x86.ActiveCfg = Debug|Win32
		{350D5E88-EB2E-4EFB-A7A0-0E29684763A5}.Debug|x86.Build.0 = Debug|Win32
		{350D5E88-EB2E-4EFB-A7A0-0E29684763A5}.Release|x64.ActiveCfg = Release|x64
		{350D5E88-EB2E-4EFB-A7A0-0E29684763A5}.Release|x64.Build.0 = Release|x64
		{350D5E88-EB2E-4EFB-A7A0-0E29684763A5}.Release|x86.ActiveCfg = Release|Win32
		{350D5E88-EB2E-4EFB-A7A0-0E29684763A5}.Release|x86.Build.0 = Release|Win32
		{181FB5D4-2427-466B-8BA8-773BEF5BF002}.Debug|x64.ActiveCfg = Debug|x64
		{181FB5D4-2427-466B-8BA8-773BEF5BF002}.Debug|x64.Build.0 = Debug|x64
		{181FB5D4-2427-466B-8BA8-773BEF5BF002}.Debug|x86.ActiveCfg = Debug|Win32
		{181FB5D4-2427-466B-8BA8-773BEF5BF002}.Debug|x86.Build.0 = Debug|Win32
		{181FB5D4-2427-466B-8BA8-773BEF5BF002}.Release|x64.ActiveCfg = Release|x64
		{181FB5D4-2427-466B-8BA8-773BEF5BF002}.Release|x64.Build.0 = Release|x64
		{181FB5D4-2427-466B-8BA8-773BEF5BF002}.Release|x86.ActiveCfg = Release|Win32
		{181FB5D4-2427-466B-8BA8-773BEF5BF002}.Release|x86.Build.0 = Release|Win32
		{4E111F49-4279-41F5-95B6-B649196A2D52}.Debug|x64.ActiveCfg = Debug|x64
		{4E111F49-4279-41F5-95B6-B649196A2D52}.Debug|x64.Build.0 = Debug|x64
		{4E111F49-4279-41F5-95B6-B649196A2D52}.Debug|x86.ActiveCfg = Debug|Win32
		{4E111F49-4279-41F5-95B6-B649196A2D52}.Debug|x86.Build.0 = Debug|Win32
		{4E111F49-4279-41F5-95B6-B649196A2D52}.Release|x64.ActiveCfg = Release|x64
		{4E111F49-4279-41F5-95B6-B649196A2D52}.Release|x64.Build.0 = Release|x64
		{4E111F49-4279-41F5-95B6-B649196A2D52}.Release|x86.ActiveCfg = Release|Win32
		{4E111F49-4279-41F5-95B6-B649196A2D52}.Release|x86.Build.0 = Release|Win32
		{3D81A5B1-16BB-480A-B2CE-01FF872C9627}.Debug|x64.ActiveCfg = Debug|x64
		{3D81A5B1-16BB-480A-B2CE-01FF872C9627}.Debug|x64.Build.0 = Debug|x64
		{3D81A5B1-16BB-480A-B2CE-01FF872C9627}.Debug|x86.ActiveCfg = Debug|Win32
		{3D81A5B1-16BB-480A-B2CE-01FF872C9627}.Debug|x86.Build.0 = Debug|Win32
		{3D81A5B1-16BB-480A-B2CE-01FF872C9627}.Release|x64.ActiveCfg = Release|x64
		{3D81A5B1-16BB-480A-B2CE-01FF872C9627}.Release|x64.Build.0 = Release|x64
		{3D81A5B1-16BB-480A-B2CE-01FF872C9627}.Release|x86.ActiveCfg = Release|Win32
		{3D81A5B1-16BB-480A-B2CE-01FF872C9627}.Release|x86.Build.0 = Release|Win32
		{9816731D-38A7-4C1B-906C-0D20FD7C8003}.Debug|x64.ActiveCfg = Debug|x64
		{9816731D-38A7-4C1B-906C-0D20FD7C8003}.Debug|x64.Build.0 = Debug|x64
		{9816731D-38A7-4C1B-906C-0D20FD7C8003}.Debug|x86.ActiveCfg = Debug|Win32
		{9816731D-38A7-4C1B-906C-0D20FD7C8003}.Debug|x86.Build.0 = Debug|Win32
		{9816731D-38A7-4C1B-906C-0D20FD7C8003}.Release|x64.ActiveCfg = Release|x64
		{9816731D-38A7-4C1B-906C-0D20FD7C8003}.Release|x64.Build.0 = Release|x64
		{9816731D-38A7-4C1B-906C-0D20FD7C8003}.Release|x86.ActiveCfg = Release|Win32
		{9816731D-38A7-4C1B-906C-0D20FD7C8003}.Release|x86.Build.0 = Release|Win32
		{0C47DDF7-8C86-4E04-94B3-894035ED140F}.Debug|x64.ActiveCfg = Debug|x64
		{0C47DDF7-8C86-4E04-94B3-894035ED140F}.Debug|x64.Build.0 = Debug|x64
		{0C47DDF7-8C86-4E04-94B3-894035ED140F}.Debug|x86.ActiveCfg = Debug|Win32
		{0C47DDF7-8C86-4E04-94B3-894035ED140F}.Debug|x86.Build.0 = Debug|Win32
		{0C47DDF7-8C86-4E04-94B3-894035ED140F}.Release|x64.ActiveCfg = Release|x64
		{0C47DDF7-8C86-4E04-94B3-894035ED140F}.Release|x64.Build.0 = Release|x64
		{0C47DDF7-8C86-4E04-94B3-894035ED140F}.Release|x86.ActiveCfg = Release|Win32
		{0C47DDF7-8C86-4E04-94B3-894035ED140F}.Release|x86.Build.0 = Release|Win32
		{72534E65-7958-4D61-AF7D-8D9D928A6657}.Debug|x64.ActiveCfg = Debug|x64
		{72534E65-7958-4D61-AF7D-8D9D928A6657}.Debug|x64.Build.0 = Debug|x64
		{72534E65-7958-4D61-AF7D-8D9D928A6657}.Debug|x86.ActiveCfg = Debug|Win32
		{72534E65-7958-4D61-AF7D-8D9D928A6657}.Debug|x86.Build.0 = Debug|Win32
		{72534E65-7958-4D61-AF7D-8D9D928A6657}.Release|x64.ActiveCfg = Release|x64
		{72534E65-7958-4D61-AF7D-8D9D928A6657}.Release|x64.Build.0 = Release|x64
		{72534E65-7958-4D61-AF7D-8D9D928A6657}.Release|x86.ActiveCfg = Release|Win32
		{72534E65-7958-4D61-AF7D-8D9D928A6657}.Release|x86.Build.0 = Release|Win32
		{B072058C-ED29-42E4-A3DF-052598BAEE43}.Debug|x64.ActiveCfg = Debug|x64
		{B072058C-ED29-42E4-A3DF-052598BAEE43}.Debug|x64.Build.0 = Debug|x64
		{B072058C-ED29-42E4-A3DF-052598BAEE43}.Debug|x86.ActiveCfg = Debug|Win32
		{B072058C-ED29-42E4-A3DF-052598BAEE43}.Debug|x86.Build.0 = Debug|Win32
		{B072058C-ED29-42E4-A3DF-052598BAEE43}.Release|x64.ActiveCfg = Release|x64
		{B072058C-ED29-42E4-A3DF-052598BAEE43}.Release|x64.Build.0 = Release|x64
		{B072058C-ED29-42E4-A3DF-052598BAEE43}.Release|x86.ActiveCfg = Release|Win32
		{B072058C-ED29-42E4-A3DF-052598BAEE43}.Release|x86.Build.0 = Release|Win32
		{59F9A5DB-D1A3-4E66-9D30-CDC00484FAEE}.Debug|x64.ActiveCfg = Debug|x64
		{59F9A5DB-D1A3-4E66-9D30-CDC00484FAEE}.Debug|x64.Build.0 = Debug|x64
		{59F9A5DB-D1A3-4E66-9D30-CDC00484FAEE}.Debug|x86.ActiveCfg = Debug|Win32
		{59F9A5DB-D1A3-4E66-9D30-CDC00484FAEE}.Debug|x86.Build.0 = Debug|Win32
		{59F9A5DB-D1A3-4E66-9D30-CDC00484FAEE}.Release|x64.ActiveCfg = Release|x64
		{59F9A5DB-D1A3-4E66-9D30-CDC00484FAEE}.Release|x64.Build.0 = Release|x64
		{59F9A5DB-D1A3-4E66-9D30-CDC00484FAEE}.Release|x86.ActiveCfg = Release|Win32
		{59F9A5DB-D1A3-4E66-9D30-CDC00484FAEE}.Release|x86.Build.0 = Release|Win32
	EndGlobalSection
	GlobalSection(SolutionProperties) = preSolution
		HideSolutionNode = FALSE
	EndGlobalSection
	GlobalSection(ExtensibilityGlobals) = postSolution
		SolutionGuid = {22044FDF-F815-407B-9EBC-64C0C540F7E2}
	EndGlobalSection
EndGlobal
