
Microsoft Visual Studio Solution File, Format Version 12.00
# Visual Studio Version 16
VisualStudioVersion = 16.0.33801.447
MinimumVisualStudioVersion = 10.0.40219.1
Project("{8BC9CEB8-8B4A-11D0-8D11-00A0C91BC942}") = "Lab 01 17-04-24 at 08.00 Ex 01", "Lab 01 pointers structures\Lab 01 17-04-24 at 08.00 Ex 01\Lab 01 17-04-24 at 08.00 Ex 01.vcxproj", "{59F9A5DB-D1A3-4E66-9D30-CDC00484FAEE}"
EndProject
Project("{8BC9CEB8-8B4A-11D0-8D11-00A0C91BC942}") = "Lab 01 17-04-24 at 08.00 Ex 02", "Lab 01 pointers structures\Lab 01 17-04-24 at 08.00 Ex 02\Lab 01 17-04-24 at 08.00 Ex 02.vcxproj", "{FDCE69E5-696B-4BE2-ADFB-D0F7747FF044}"
EndProject
Project("{8BC9CEB8-8B4A-11D0-8D11-00A0C91BC942}") = "Lab 01 17-04-24 at 08.00 Ex 03", "Lab 01 pointers structures\Lab 01 17-04-24 at 08.00 Ex 03\Lab 01 17-04-24 at 08.00 Ex 03.vcxproj", "{ACE69489-C30F-4B7C-9341-BAF28F46ABA3}"
EndProject
Project("{8BC9CEB8-8B4A-11D0-8D11-00A0C91BC942}") = "Lab 01 17-04-24 at 08.00 Ex 04 - Time", "Lab 01 pointers structures\Lab 01 17-04-24 at 08.00 Ex 04 - Time\Lab 01 17-04-24 at 08.00 Ex 04 - Time.vcxproj", "{19527535-A70D-4C8C-838D-81AA80661E5E}"
EndProject
Project("{8BC9CEB8-8B4A-11D0-8D11-00A0C91BC942}") = "Lab 01 17-04-24 at 10.00 Ex 01", "Lab 01 pointers structures\Lab 01 17-04-24 at 10.00 Ex 01\Lab 01 17-04-24 at 10.00 Ex 01.vcxproj", "{9E5A1029-2D55-499C-8DC1-3CD407702C2B}"
EndProject
Project("{8BC9CEB8-8B4A-11D0-8D11-00A0C91BC942}") = "Lab 01 17-04-24 at 10.00 Ex 02", "Lab 01 pointers structures\Lab 01 17-04-24 at 10.00 Ex 02\Lab 01 17-04-24 at 10.00 Ex 02.vcxproj", "{AAF9622E-D2AE-47EE-8E1D-1748104099F9}"
EndProject
Project("{8BC9CEB8-8B4A-11D0-8D11-00A0C91BC942}") = "Lab 01 17-04-24 at 10.00 Ex 03", "Lab 01 pointers structures\Lab 01 17-04-24 at 10.00 Ex 03\Lab 01 17-04-24 at 10.00 Ex 03.vcxproj", "{139F3C40-4BB3-4AFE-8129-32AFD2B8FF45}"
EndProject
Project("{8BC9CEB8-8B4A-11D0-8D11-00A0C91BC942}") = "Lab 01 17-04-24 at 10.00 Ex 04 - Time", "Lab 01 pointers structures\Lab 01 17-04-24 at 10.00 Ex 04 - Time\Lab 01 17-04-24 at 10.00 Ex 04 - Time.vcxproj", "{784F2E6F-A024-4120-BC52-653786C3A37B}"
EndProject
Project("{8BC9CEB8-8B4A-11D0-8D11-00A0C91BC942}") = "Lab 04 AccountQueue", "Lab 04 AccountQueue\Lab 04 AccountQueue.vcxproj", "{D627B53F-D810-4474-BA79-0A548E25FDB6}"
EndProject
Global
	GlobalSection(SolutionConfigurationPlatforms) = preSolution
		Debug|x64 = Debug|x64
		Debug|x86 = Debug|x86
		Release|x64 = Release|x64
		Release|x86 = Release|x86
	EndGlobalSection
	GlobalSection(ProjectConfigurationPlatforms) = postSolution
		{59F9A5DB-D1A3-4E66-9D30-CDC00484FAEE}.Debug|x64.ActiveCfg = Debug|x64
		{59F9A5DB-D1A3-4E66-9D30-CDC00484FAEE}.Debug|x64.Build.0 = Debug|x64
		{59F9A5DB-D1A3-4E66-9D30-CDC00484FAEE}.Debug|x86.ActiveCfg = Debug|Win32
		{59F9A5DB-D1A3-4E66-9D30-CDC00484FAEE}.Debug|x86.Build.0 = Debug|Win32
		{59F9A5DB-D1A3-4E66-9D30-CDC00484FAEE}.Release|x64.ActiveCfg = Release|x64
		{59F9A5DB-D1A3-4E66-9D30-CDC00484FAEE}.Release|x64.Build.0 = Release|x64
		{59F9A5DB-D1A3-4E66-9D30-CDC00484FAEE}.Release|x86.ActiveCfg = Release|Win32
		{59F9A5DB-D1A3-4E66-9D30-CDC00484FAEE}.Release|x86.Build.0 = Release|Win32
		{FDCE69E5-696B-4BE2-ADFB-D0F7747FF044}.Debug|x64.ActiveCfg = Debug|x64
		{FDCE69E5-696B-4BE2-ADFB-D0F7747FF044}.Debug|x64.Build.0 = Debug|x64
		{FDCE69E5-696B-4BE2-ADFB-D0F7747FF044}.Debug|x86.ActiveCfg = Debug|Win32
		{FDCE69E5-696B-4BE2-ADFB-D0F7747FF044}.Debug|x86.Build.0 = Debug|Win32
		{FDCE69E5-696B-4BE2-ADFB-D0F7747FF044}.Release|x64.ActiveCfg = Release|x64
		{FDCE69E5-696B-4BE2-ADFB-D0F7747FF044}.Release|x64.Build.0 = Release|x64
		{FDCE69E5-696B-4BE2-ADFB-D0F7747FF044}.Release|x86.ActiveCfg = Release|Win32
		{FDCE69E5-696B-4BE2-ADFB-D0F7747FF044}.Release|x86.Build.0 = Release|Win32
		{ACE69489-C30F-4B7C-9341-BAF28F46ABA3}.Debug|x64.ActiveCfg = Debug|x64
		{ACE69489-C30F-4B7C-9341-BAF28F46ABA3}.Debug|x64.Build.0 = Debug|x64
		{ACE69489-C30F-4B7C-9341-BAF28F46ABA3}.Debug|x86.ActiveCfg = Debug|Win32
		{ACE69489-C30F-4B7C-9341-BAF28F46ABA3}.Debug|x86.Build.0 = Debug|Win32
		{ACE69489-C30F-4B7C-9341-BAF28F46ABA3}.Release|x64.ActiveCfg = Release|x64
		{ACE69489-C30F-4B7C-9341-BAF28F46ABA3}.Release|x64.Build.0 = Release|x64
		{ACE69489-C30F-4B7C-9341-BAF28F46ABA3}.Release|x86.ActiveCfg = Release|Win32
		{ACE69489-C30F-4B7C-9341-BAF28F46ABA3}.Release|x86.Build.0 = Release|Win32
		{19527535-A70D-4C8C-838D-81AA80661E5E}.Debug|x64.ActiveCfg = Debug|x64
		{19527535-A70D-4C8C-838D-81AA80661E5E}.Debug|x64.Build.0 = Debug|x64
		{19527535-A70D-4C8C-838D-81AA80661E5E}.Debug|x86.ActiveCfg = Debug|Win32
		{19527535-A70D-4C8C-838D-81AA80661E5E}.Debug|x86.Build.0 = Debug|Win32
		{19527535-A70D-4C8C-838D-81AA80661E5E}.Release|x64.ActiveCfg = Release|x64
		{19527535-A70D-4C8C-838D-81AA80661E5E}.Release|x64.Build.0 = Release|x64
		{19527535-A70D-4C8C-838D-81AA80661E5E}.Release|x86.ActiveCfg = Release|Win32
		{19527535-A70D-4C8C-838D-81AA80661E5E}.Release|x86.Build.0 = Release|Win32
		{9E5A1029-2D55-499C-8DC1-3CD407702C2B}.Debug|x64.ActiveCfg = Debug|x64
		{9E5A1029-2D55-499C-8DC1-3CD407702C2B}.Debug|x64.Build.0 = Debug|x64
		{9E5A1029-2D55-499C-8DC1-3CD407702C2B}.Debug|x86.ActiveCfg = Debug|Win32
		{9E5A1029-2D55-499C-8DC1-3CD407702C2B}.Debug|x86.Build.0 = Debug|Win32
		{9E5A1029-2D55-499C-8DC1-3CD407702C2B}.Release|x64.ActiveCfg = Release|x64
		{9E5A1029-2D55-499C-8DC1-3CD407702C2B}.Release|x64.Build.0 = Release|x64
		{9E5A1029-2D55-499C-8DC1-3CD407702C2B}.Release|x86.ActiveCfg = Release|Win32
		{9E5A1029-2D55-499C-8DC1-3CD407702C2B}.Release|x86.Build.0 = Release|Win32
		{AAF9622E-D2AE-47EE-8E1D-1748104099F9}.Debug|x64.ActiveCfg = Debug|x64
		{AAF9622E-D2AE-47EE-8E1D-1748104099F9}.Debug|x64.Build.0 = Debug|x64
		{AAF9622E-D2AE-47EE-8E1D-1748104099F9}.Debug|x86.ActiveCfg = Debug|Win32
		{AAF9622E-D2AE-47EE-8E1D-1748104099F9}.Debug|x86.Build.0 = Debug|Win32
		{AAF9622E-D2AE-47EE-8E1D-1748104099F9}.Release|x64.ActiveCfg = Release|x64
		{AAF9622E-D2AE-47EE-8E1D-1748104099F9}.Release|x64.Build.0 = Release|x64
		{AAF9622E-D2AE-47EE-8E1D-1748104099F9}.Release|x86.ActiveCfg = Release|Win32
		{AAF9622E-D2AE-47EE-8E1D-1748104099F9}.Release|x86.Build.0 = Release|Win32
		{139F3C40-4BB3-4AFE-8129-32AFD2B8FF45}.Debug|x64.ActiveCfg = Debug|x64
		{139F3C40-4BB3-4AFE-8129-32AFD2B8FF45}.Debug|x64.Build.0 = Debug|x64
		{139F3C40-4BB3-4AFE-8129-32AFD2B8FF45}.Debug|x86.ActiveCfg = Debug|Win32
		{139F3C40-4BB3-4AFE-8129-32AFD2B8FF45}.Debug|x86.Build.0 = Debug|Win32
		{139F3C40-4BB3-4AFE-8129-32AFD2B8FF45}.Release|x64.ActiveCfg = Release|x64
		{139F3C40-4BB3-4AFE-8129-32AFD2B8FF45}.Release|x64.Build.0 = Release|x64
		{139F3C40-4BB3-4AFE-8129-32AFD2B8FF45}.Release|x86.ActiveCfg = Release|Win32
		{139F3C40-4BB3-4AFE-8129-32AFD2B8FF45}.Release|x86.Build.0 = Release|Win32
		{784F2E6F-A024-4120-BC52-653786C3A37B}.Debug|x64.ActiveCfg = Debug|x64
		{784F2E6F-A024-4120-BC52-653786C3A37B}.Debug|x64.Build.0 = Debug|x64
		{784F2E6F-A024-4120-BC52-653786C3A37B}.Debug|x86.ActiveCfg = Debug|Win32
		{784F2E6F-A024-4120-BC52-653786C3A37B}.Debug|x86.Build.0 = Debug|Win32
		{784F2E6F-A024-4120-BC52-653786C3A37B}.Release|x64.ActiveCfg = Release|x64
		{784F2E6F-A024-4120-BC52-653786C3A37B}.Release|x64.Build.0 = Release|x64
		{784F2E6F-A024-4120-BC52-653786C3A37B}.Release|x86.ActiveCfg = Release|Win32
		{784F2E6F-A024-4120-BC52-653786C3A37B}.Release|x86.Build.0 = Release|Win32
		{D627B53F-D810-4474-BA79-0A548E25FDB6}.Debug|x64.ActiveCfg = Debug|x64
		{D627B53F-D810-4474-BA79-0A548E25FDB6}.Debug|x64.Build.0 = Debug|x64
		{D627B53F-D810-4474-BA79-0A548E25FDB6}.Debug|x86.ActiveCfg = Debug|Win32
		{D627B53F-D810-4474-BA79-0A548E25FDB6}.Debug|x86.Build.0 = Debug|Win32
		{D627B53F-D810-4474-BA79-0A548E25FDB6}.Release|x64.ActiveCfg = Release|x64
		{D627B53F-D810-4474-BA79-0A548E25FDB6}.Release|x64.Build.0 = Release|x64
		{D627B53F-D810-4474-BA79-0A548E25FDB6}.Release|x86.ActiveCfg = Release|Win32
		{D627B53F-D810-4474-BA79-0A548E25FDB6}.Release|x86.Build.0 = Release|Win32
	EndGlobalSection
	GlobalSection(SolutionProperties) = preSolution
		HideSolutionNode = FALSE
	EndGlobalSection
	GlobalSection(ExtensibilityGlobals) = postSolution
		SolutionGuid = {22044FDF-F815-407B-9EBC-64C0C540F7E2}
	EndGlobalSection
EndGlobal
